
Microsoft Visual Studio Solution File, Format Version 12.00
# Visual Studio 14
VisualStudioVersion = 14.0.25420.1
MinimumVisualStudioVersion = 10.0.40219.1
Project("{FAE04EC0-301F-11D3-BF4B-00C04F79EFBC}") = "GKMoveFolders", "GKMoveFolders\GKMoveFolders.csproj", "{8E0CF4F6-3F55-494F-8984-B99CB10E9FFA}"
EndProject
Global
	GlobalSection(SolutionConfigurationPlatforms) = preSolution
		Debug|Any CPU = Debug|Any CPU
		Release|Any CPU = Release|Any CPU
	EndGlobalSection
	GlobalSection(ProjectConfigurationPlatforms) = postSolution
		{8E0CF4F6-3F55-494F-8984-B99CB10E9FFA}.Debug|Any CPU.ActiveCfg = Debug|Any CPU
		{8E0CF4F6-3F55-494F-8984-B99CB10E9FFA}.Debug|Any CPU.Build.0 = Debug|Any CPU
		{8E0CF4F6-3F55-494F-8984-B99CB10E9FFA}.Release|Any CPU.ActiveCfg = Release|Any CPU
		{8E0CF4F6-3F55-494F-8984-B99CB10E9FFA}.Release|Any CPU.Build.0 = Release|Any CPU
	EndGlobalSection
	GlobalSection(SolutionProperties) = preSolution
		HideSolutionNode = FALSE
	EndGlobalSection
EndGlobal
